
Microsoft Visual Studio Solution File, Format Version 12.00
# Visual Studio Version 17
VisualStudioVersion = 17.1.32210.238
MinimumVisualStudioVersion = 10.0.40219.1
Project("{9A19103F-16F7-4668-BE54-9A1E7A4F7556}") = "CustomerProject", "CustomerProject\CustomerProject.csproj", "{F1FC9BE3-26A3-42EE-82B0-A57559DF197C}"
EndProject
Project("{9A19103F-16F7-4668-BE54-9A1E7A4F7556}") = "CustomerProject.Tests", "CustomerProject.Tests\CustomerProject.Tests.csproj", "{860097CB-71C3-4FC3-8CE2-CB279F72EB6E}"
EndProject
Project("{9A19103F-16F7-4668-BE54-9A1E7A4F7556}") = "CustomerProject.DAL", "CustomerProject.DAL\CustomerProject.DAL.csproj", "{BD74BF42-615B-4797-AD82-A3B94313150C}"
EndProject
Project("{FAE04EC0-301F-11D3-BF4B-00C04F79EFBC}") = "Customer.MVC", "Customer.MVC\Customer.MVC.csproj", "{6541B618-79EB-496D-8461-AEAE8F4E2CEE}"
EndProject
Global
	GlobalSection(SolutionConfigurationPlatforms) = preSolution
		Debug|Any CPU = Debug|Any CPU
		Release|Any CPU = Release|Any CPU
	EndGlobalSection
	GlobalSection(ProjectConfigurationPlatforms) = postSolution
		{F1FC9BE3-26A3-42EE-82B0-A57559DF197C}.Debug|Any CPU.ActiveCfg = Debug|Any CPU
		{F1FC9BE3-26A3-42EE-82B0-A57559DF197C}.Debug|Any CPU.Build.0 = Debug|Any CPU
		{F1FC9BE3-26A3-42EE-82B0-A57559DF197C}.Release|Any CPU.ActiveCfg = Release|Any CPU
		{F1FC9BE3-26A3-42EE-82B0-A57559DF197C}.Release|Any CPU.Build.0 = Release|Any CPU
		{860097CB-71C3-4FC3-8CE2-CB279F72EB6E}.Debug|Any CPU.ActiveCfg = Debug|Any CPU
		{860097CB-71C3-4FC3-8CE2-CB279F72EB6E}.Debug|Any CPU.Build.0 = Debug|Any CPU
		{860097CB-71C3-4FC3-8CE2-CB279F72EB6E}.Release|Any CPU.ActiveCfg = Release|Any CPU
		{860097CB-71C3-4FC3-8CE2-CB279F72EB6E}.Release|Any CPU.Build.0 = Release|Any CPU
		{BD74BF42-615B-4797-AD82-A3B94313150C}.Debug|Any CPU.ActiveCfg = Debug|Any CPU
		{BD74BF42-615B-4797-AD82-A3B94313150C}.Debug|Any CPU.Build.0 = Debug|Any CPU
		{BD74BF42-615B-4797-AD82-A3B94313150C}.Release|Any CPU.ActiveCfg = Release|Any CPU
		{BD74BF42-615B-4797-AD82-A3B94313150C}.Release|Any CPU.Build.0 = Release|Any CPU
		{6541B618-79EB-496D-8461-AEAE8F4E2CEE}.Debug|Any CPU.ActiveCfg = Debug|Any CPU
		{6541B618-79EB-496D-8461-AEAE8F4E2CEE}.Debug|Any CPU.Build.0 = Debug|Any CPU
		{6541B618-79EB-496D-8461-AEAE8F4E2CEE}.Release|Any CPU.ActiveCfg = Release|Any CPU
		{6541B618-79EB-496D-8461-AEAE8F4E2CEE}.Release|Any CPU.Build.0 = Release|Any CPU
	EndGlobalSection
	GlobalSection(SolutionProperties) = preSolution
		HideSolutionNode = FALSE
	EndGlobalSection
	GlobalSection(ExtensibilityGlobals) = postSolution
		SolutionGuid = {26B89E10-B90A-4D63-9B7E-70555D5BEA7C}
	EndGlobalSection
EndGlobal
